
Microsoft Visual Studio Solution File, Format Version 12.00
# Visual Studio Version 17
VisualStudioVersion = 17.13.35913.81 d17.13
MinimumVisualStudioVersion = 10.0.40219.1
Project("{FAE04EC0-301F-11D3-BF4B-00C04F79EFBC}") = "Blazor1", "Blazor1\Blazor1.csproj", "{107F6BF3-AEF0-485B-8DD5-B681AC2A534F}"
EndProject
Global
	GlobalSection(SolutionConfigurationPlatforms) = preSolution
		Debug|Any CPU = Debug|Any CPU
		Release|Any CPU = Release|Any CPU
	EndGlobalSection
	GlobalSection(ProjectConfigurationPlatforms) = postSolution
		{107F6BF3-AEF0-485B-8DD5-B681AC2A534F}.Debug|Any CPU.ActiveCfg = Debug|Any CPU
		{107F6BF3-AEF0-485B-8DD5-B681AC2A534F}.Debug|Any CPU.Build.0 = Debug|Any CPU
		{107F6BF3-AEF0-485B-8DD5-B681AC2A534F}.Release|Any CPU.ActiveCfg = Release|Any CPU
		{107F6BF3-AEF0-485B-8DD5-B681AC2A534F}.Release|Any CPU.Build.0 = Release|Any CPU
	EndGlobalSection
	GlobalSection(SolutionProperties) = preSolution
		HideSolutionNode = FALSE
	EndGlobalSection
	GlobalSection(ExtensibilityGlobals) = postSolution
		SolutionGuid = {3A5F82BF-B989-432F-80B3-C065DA2C54DD}
	EndGlobalSection
EndGlobal
